// !$*UTF8*$!
{
	archiveVersion = 1;
	classes = {
	};
	objectVersion = 50;
	objects = {

/* Begin PBXBuildFile section */
		5E67C48625B589B400018FAC /* AppDelegate.swift in Sources */ = {isa = PBXBuildFile; fileRef = 5E67C48525B589B400018FAC /* AppDelegate.swift */; };
		5E67C48825B589B400018FAC /* SceneDelegate.swift in Sources */ = {isa = PBXBuildFile; fileRef = 5E67C48725B589B400018FAC /* SceneDelegate.swift */; };
		5E67C48A25B589B400018FAC /* ViewController.swift in Sources */ = {isa = PBXBuildFile; fileRef = 5E67C48925B589B400018FAC /* ViewController.swift */; };
		5E67C48D25B589B400018FAC /* Main.storyboard in Resources */ = {isa = PBXBuildFile; fileRef = 5E67C48B25B589B400018FAC /* Main.storyboard */; };
		5E67C48F25B589B700018FAC /* Assets.xcassets in Resources */ = {isa = PBXBuildFile; fileRef = 5E67C48E25B589B700018FAC /* Assets.xcassets */; };
		5E67C49225B589B700018FAC /* LaunchScreen.storyboard in Resources */ = {isa = PBXBuildFile; fileRef = 5E67C49025B589B700018FAC /* LaunchScreen.storyboard */; };
		5E67C49D25B589B700018FAC /* BankingSystemTests.swift in Sources */ = {isa = PBXBuildFile; fileRef = 5E67C49C25B589B700018FAC /* BankingSystemTests.swift */; };
		5E67C4A825B589B700018FAC /* BankingSystemUITests.swift in Sources */ = {isa = PBXBuildFile; fileRef = 5E67C4A725B589B700018FAC /* BankingSystemUITests.swift */; };
/* End PBXBuildFile section */

/* Begin PBXContainerItemProxy section */
		5E67C49925B589B700018FAC /* PBXContainerItemProxy */ = {
			isa = PBXContainerItemProxy;
			containerPortal = 5E67C47A25B589B400018FAC /* Project object */;
			proxyType = 1;
			remoteGlobalIDString = 5E67C48125B589B400018FAC;
			remoteInfo = BankingSystem;
		};
		5E67C4A425B589B700018FAC /* PBXContainerItemProxy */ = {
			isa = PBXContainerItemProxy;
			containerPortal = 5E67C47A25B589B400018FAC /* Project object */;
			proxyType = 1;
			remoteGlobalIDString = 5E67C48125B589B400018FAC;
			remoteInfo = BankingSystem;
		};
/* End PBXContainerItemProxy section */

/* Begin PBXFileReference section */
		5E67C48225B589B400018FAC /* BankingSystem.app */ = {isa = PBXFileReference; explicitFileType = wrapper.application; includeInIndex = 0; path = BankingSystem.app; sourceTree = BUILT_PRODUCTS_DIR; };
		5E67C48525B589B400018FAC /* AppDelegate.swift */ = {isa = PBXFileReference; lastKnownFileType = sourcecode.swift; path = AppDelegate.swift; sourceTree = "<group>"; };
		5E67C48725B589B400018FAC /* SceneDelegate.swift */ = {isa = PBXFileReference; lastKnownFileType = sourcecode.swift; path = SceneDelegate.swift; sourceTree = "<group>"; };
		5E67C48925B589B400018FAC /* ViewController.swift */ = {isa = PBXFileReference; lastKnownFileType = sourcecode.swift; path = ViewController.swift; sourceTree = "<group>"; };
		5E67C48C25B589B400018FAC /* Base */ = {isa = PBXFileReference; lastKnownFileType = file.storyboard; name = Base; path = Base.lproj/Main.storyboard; sourceTree = "<group>"; };
		5E67C48E25B589B700018FAC /* Assets.xcassets */ = {isa = PBXFileReference; lastKnownFileType = folder.assetcatalog; path = Assets.xcassets; sourceTree = "<group>"; };
		5E67C49125B589B700018FAC /* Base */ = {isa = PBXFileReference; lastKnownFileType = file.storyboard; name = Base; path = Base.lproj/LaunchScreen.storyboard; sourceTree = "<group>"; };
		5E67C49325B589B700018FAC /* Info.plist */ = {isa = PBXFileReference; lastKnownFileType = text.plist.xml; path = Info.plist; sourceTree = "<group>"; };
		5E67C49825B589B700018FAC /* BankingSystemTests.xctest */ = {isa = PBXFileReference; explicitFileType = wrapper.cfbundle; includeInIndex = 0; path = BankingSystemTests.xctest; sourceTree = BUILT_PRODUCTS_DIR; };
		5E67C49C25B589B700018FAC /* BankingSystemTests.swift */ = {isa = PBXFileReference; lastKnownFileType = sourcecode.swift; path = BankingSystemTests.swift; sourceTree = "<group>"; };
		5E67C49E25B589B700018FAC /* Info.plist */ = {isa = PBXFileReference; lastKnownFileType = text.plist.xml; path = Info.plist; sourceTree = "<group>"; };
		5E67C4A325B589B700018FAC /* BankingSystemUITests.xctest */ = {isa = PBXFileReference; explicitFileType = wrapper.cfbundle; includeInIndex = 0; path = BankingSystemUITests.xctest; sourceTree = BUILT_PRODUCTS_DIR; };
		5E67C4A725B589B700018FAC /* BankingSystemUITests.swift */ = {isa = PBXFileReference; lastKnownFileType = sourcecode.swift; path = BankingSystemUITests.swift; sourceTree = "<group>"; };
		5E67C4A925B589B700018FAC /* Info.plist */ = {isa = PBXFileReference; lastKnownFileType = text.plist.xml; path = Info.plist; sourceTree = "<group>"; };
/* End PBXFileReference section */

/* Begin PBXFrameworksBuildPhase section */
		5E67C47F25B589B400018FAC /* Frameworks */ = {
			isa = PBXFrameworksBuildPhase;
			buildActionMask = 2147483647;
			files = (
			);
			runOnlyForDeploymentPostprocessing = 0;
		};
		5E67C49525B589B700018FAC /* Frameworks */ = {
			isa = PBXFrameworksBuildPhase;
			buildActionMask = 2147483647;
			files = (
			);
			runOnlyForDeploymentPostprocessing = 0;
		};
		5E67C4A025B589B700018FAC /* Frameworks */ = {
			isa = PBXFrameworksBuildPhase;
			buildActionMask = 2147483647;
			files = (
			);
			runOnlyForDeploymentPostprocessing = 0;
		};
/* End PBXFrameworksBuildPhase section */

/* Begin PBXGroup section */
		5E67C47925B589B400018FAC = {
			isa = PBXGroup;
			children = (
				5E67C48425B589B400018FAC /* BankingSystem */,
				5E67C49B25B589B700018FAC /* BankingSystemTests */,
				5E67C4A625B589B700018FAC /* BankingSystemUITests */,
				5E67C48325B589B400018FAC /* Products */,
			);
			sourceTree = "<group>";
		};
		5E67C48325B589B400018FAC /* Products */ = {
			isa = PBXGroup;
			children = (
				5E67C48225B589B400018FAC /* BankingSystem.app */,
				5E67C49825B589B700018FAC /* BankingSystemTests.xctest */,
				5E67C4A325B589B700018FAC /* BankingSystemUITests.xctest */,
			);
			name = Products;
			sourceTree = "<group>";
		};
		5E67C48425B589B400018FAC /* BankingSystem */ = {
			isa = PBXGroup;
			children = (
				5E67C48525B589B400018FAC /* AppDelegate.swift */,
				5E67C48725B589B400018FAC /* SceneDelegate.swift */,
				5E67C48925B589B400018FAC /* ViewController.swift */,
				5E67C48B25B589B400018FAC /* Main.storyboard */,
				5E67C48E25B589B700018FAC /* Assets.xcassets */,
				5E67C49025B589B700018FAC /* LaunchScreen.storyboard */,
				5E67C49325B589B700018FAC /* Info.plist */,
			);
			path = BankingSystem;
			sourceTree = "<group>";
		};
		5E67C49B25B589B700018FAC /* BankingSystemTests */ = {
			isa = PBXGroup;
			children = (
				5E67C49C25B589B700018FAC /* BankingSystemTests.swift */,
				5E67C49E25B589B700018FAC /* Info.plist */,
			);
			path = BankingSystemTests;
			sourceTree = "<group>";
		};
		5E67C4A625B589B700018FAC /* BankingSystemUITests */ = {
			isa = PBXGroup;
			children = (
				5E67C4A725B589B700018FAC /* BankingSystemUITests.swift */,
				5E67C4A925B589B700018FAC /* Info.plist */,
			);
			path = BankingSystemUITests;
			sourceTree = "<group>";
		};
/* End PBXGroup section */

/* Begin PBXNativeTarget section */
		5E67C48125B589B400018FAC /* BankingSystem */ = {
			isa = PBXNativeTarget;
			buildConfigurationList = 5E67C4AC25B589B700018FAC /* Build configuration list for PBXNativeTarget "BankingSystem" */;
			buildPhases = (
				5E67C47E25B589B400018FAC /* Sources */,
				5E67C47F25B589B400018FAC /* Frameworks */,
				5E67C48025B589B400018FAC /* Resources */,
			);
			buildRules = (
			);
			dependencies = (
			);
			name = BankingSystem;
			productName = BankingSystem;
			productReference = 5E67C48225B589B400018FAC /* BankingSystem.app */;
			productType = "com.apple.product-type.application";
		};
		5E67C49725B589B700018FAC /* BankingSystemTests */ = {
			isa = PBXNativeTarget;
			buildConfigurationList = 5E67C4AF25B589B700018FAC /* Build configuration list for PBXNativeTarget "BankingSystemTests" */;
			buildPhases = (
				5E67C49425B589B700018FAC /* Sources */,
				5E67C49525B589B700018FAC /* Frameworks */,
				5E67C49625B589B700018FAC /* Resources */,
			);
			buildRules = (
			);
			dependencies = (
				5E67C49A25B589B700018FAC /* PBXTargetDependency */,
			);
			name = BankingSystemTests;
			productName = BankingSystemTests;
			productReference = 5E67C49825B589B700018FAC /* BankingSystemTests.xctest */;
			productType = "com.apple.product-type.bundle.unit-test";
		};
		5E67C4A225B589B700018FAC /* BankingSystemUITests */ = {
			isa = PBXNativeTarget;
			buildConfigurationList = 5E67C4B225B589B700018FAC /* Build configuration list for PBXNativeTarget "BankingSystemUITests" */;
			buildPhases = (
				5E67C49F25B589B700018FAC /* Sources */,
				5E67C4A025B589B700018FAC /* Frameworks */,
				5E67C4A125B589B700018FAC /* Resources */,
			);
			buildRules = (
			);
			dependencies = (
				5E67C4A525B589B700018FAC /* PBXTargetDependency */,
			);
			name = BankingSystemUITests;
			productName = BankingSystemUITests;
			productReference = 5E67C4A325B589B700018FAC /* BankingSystemUITests.xctest */;
			productType = "com.apple.product-type.bundle.ui-testing";
		};
/* End PBXNativeTarget section */

/* Begin PBXProject section */
		5E67C47A25B589B400018FAC /* Project object */ = {
			isa = PBXProject;
			attributes = {
				LastSwiftUpdateCheck = 1230;
				LastUpgradeCheck = 1230;
				TargetAttributes = {
					5E67C48125B589B400018FAC = {
						CreatedOnToolsVersion = 12.3;
					};
					5E67C49725B589B700018FAC = {
						CreatedOnToolsVersion = 12.3;
						TestTargetID = 5E67C48125B589B400018FAC;
					};
					5E67C4A225B589B700018FAC = {
						CreatedOnToolsVersion = 12.3;
						TestTargetID = 5E67C48125B589B400018FAC;
					};
				};
			};
			buildConfigurationList = 5E67C47D25B589B400018FAC /* Build configuration list for PBXProject "BankingSystem" */;
			compatibilityVersion = "Xcode 9.3";
			developmentRegion = en;
			hasScannedForEncodings = 0;
			knownRegions = (
				en,
				Base,
			);
			mainGroup = 5E67C47925B589B400018FAC;
			productRefGroup = 5E67C48325B589B400018FAC /* Products */;
			projectDirPath = "";
			projectRoot = "";
			targets = (
				5E67C48125B589B400018FAC /* BankingSystem */,
				5E67C49725B589B700018FAC /* BankingSystemTests */,
				5E67C4A225B589B700018FAC /* BankingSystemUITests */,
			);
		};
/* End PBXProject section */

/* Begin PBXResourcesBuildPhase section */
		5E67C48025B589B400018FAC /* Resources */ = {
			isa = PBXResourcesBuildPhase;
			buildActionMask = 2147483647;
			files = (
				5E67C49225B589B700018FAC /* LaunchScreen.storyboard in Resources */,
				5E67C48F25B589B700018FAC /* Assets.xcassets in Resources */,
				5E67C48D25B589B400018FAC /* Main.storyboard in Resources */,
			);
			runOnlyForDeploymentPostprocessing = 0;
		};
		5E67C49625B589B700018FAC /* Resources */ = {
			isa = PBXResourcesBuildPhase;
			buildActionMask = 2147483647;
			files = (
			);
			runOnlyForDeploymentPostprocessing = 0;
		};
		5E67C4A125B589B700018FAC /* Resources */ = {
			isa = PBXResourcesBuildPhase;
			buildActionMask = 2147483647;
			files = (
			);
			runOnlyForDeploymentPostprocessing = 0;
		};
/* End PBXResourcesBuildPhase section */

/* Begin PBXSourcesBuildPhase section */
		5E67C47E25B589B400018FAC /* Sources */ = {
			isa = PBXSourcesBuildPhase;
			buildActionMask = 2147483647;
			files = (
				5E67C48A25B589B400018FAC /* ViewController.swift in Sources */,
				5E67C48625B589B400018FAC /* AppDelegate.swift in Sources */,
				5E67C48825B589B400018FAC /* SceneDelegate.swift in Sources */,
			);
			runOnlyForDeploymentPostprocessing = 0;
		};
		5E67C49425B589B700018FAC /* Sources */ = {
			isa = PBXSourcesBuildPhase;
			buildActionMask = 2147483647;
			files = (
				5E67C49D25B589B700018FAC /* BankingSystemTests.swift in Sources */,
			);
			runOnlyForDeploymentPostprocessing = 0;
		};
		5E67C49F25B589B700018FAC /* Sources */ = {
			isa = PBXSourcesBuildPhase;
			buildActionMask = 2147483647;
			files = (
				5E67C4A825B589B700018FAC /* BankingSystemUITests.swift in Sources */,
			);
			runOnlyForDeploymentPostprocessing = 0;
		};
/* End PBXSourcesBuildPhase section */

/* Begin PBXTargetDependency section */
		5E67C49A25B589B700018FAC /* PBXTargetDependency */ = {
			isa = PBXTargetDependency;
			target = 5E67C48125B589B400018FAC /* BankingSystem */;
			targetProxy = 5E67C49925B589B700018FAC /* PBXContainerItemProxy */;
		};
		5E67C4A525B589B700018FAC /* PBXTargetDependency */ = {
			isa = PBXTargetDependency;
			target = 5E67C48125B589B400018FAC /* BankingSystem */;
			targetProxy = 5E67C4A425B589B700018FAC /* PBXContainerItemProxy */;
		};
/* End PBXTargetDependency section */

/* Begin PBXVariantGroup section */
		5E67C48B25B589B400018FAC /* Main.storyboard */ = {
			isa = PBXVariantGroup;
			children = (
				5E67C48C25B589B400018FAC /* Base */,
			);
			name = Main.storyboard;
			sourceTree = "<group>";
		};
		5E67C49025B589B700018FAC /* LaunchScreen.storyboard */ = {
			isa = PBXVariantGroup;
			children = (
				5E67C49125B589B700018FAC /* Base */,
			);
			name = LaunchScreen.storyboard;
			sourceTree = "<group>";
		};
/* End PBXVariantGroup section */

/* Begin XCBuildConfiguration section */
		5E67C4AA25B589B700018FAC /* Debug */ = {
			isa = XCBuildConfiguration;
			buildSettings = {
				ALWAYS_SEARCH_USER_PATHS = NO;
				CLANG_ANALYZER_NONNULL = YES;
				CLANG_ANALYZER_NUMBER_OBJECT_CONVERSION = YES_AGGRESSIVE;
				CLANG_CXX_LANGUAGE_STANDARD = "gnu++14";
				CLANG_CXX_LIBRARY = "libc++";
				CLANG_ENABLE_MODULES = YES;
				CLANG_ENABLE_OBJC_ARC = YES;
				CLANG_ENABLE_OBJC_WEAK = YES;
				CLANG_WARN_BLOCK_CAPTURE_AUTORELEASING = YES;
				CLANG_WARN_BOOL_CONVERSION = YES;
				CLANG_WARN_COMMA = YES;
				CLANG_WARN_CONSTANT_CONVERSION = YES;
				CLANG_WARN_DEPRECATED_OBJC_IMPLEMENTATIONS = YES;
				CLANG_WARN_DIRECT_OBJC_ISA_USAGE = YES_ERROR;
				CLANG_WARN_DOCUMENTATION_COMMENTS = YES;
				CLANG_WARN_EMPTY_BODY = YES;
				CLANG_WARN_ENUM_CONVERSION = YES;
				CLANG_WARN_INFINITE_RECURSION = YES;
				CLANG_WARN_INT_CONVERSION = YES;
				CLANG_WARN_NON_LITERAL_NULL_CONVERSION = YES;
				CLANG_WARN_OBJC_IMPLICIT_RETAIN_SELF = YES;
				CLANG_WARN_OBJC_LITERAL_CONVERSION = YES;
				CLANG_WARN_OBJC_ROOT_CLASS = YES_ERROR;
				CLANG_WARN_QUOTED_INCLUDE_IN_FRAMEWORK_HEADER = YES;
				CLANG_WARN_RANGE_LOOP_ANALYSIS = YES;
				CLANG_WARN_STRICT_PROTOTYPES = YES;
				CLANG_WARN_SUSPICIOUS_MOVE = YES;
				CLANG_WARN_UNGUARDED_AVAILABILITY = YES_AGGRESSIVE;
				CLANG_WARN_UNREACHABLE_CODE = YES;
				CLANG_WARN__DUPLICATE_METHOD_MATCH = YES;
				COPY_PHASE_STRIP = NO;
				DEBUG_INFORMATION_FORMAT = dwarf;
				ENABLE_STRICT_OBJC_MSGSEND = YES;
				ENABLE_TESTABILITY = YES;
				GCC_C_LANGUAGE_STANDARD = gnu11;
				GCC_DYNAMIC_NO_PIC = NO;
				GCC_NO_COMMON_BLOCKS = YES;
				GCC_OPTIMIZATION_LEVEL = 0;
				GCC_PREPROCESSOR_DEFINITIONS = (
					"DEBUG=1",
					"$(inherited)",
				);
				GCC_WARN_64_TO_32_BIT_CONVERSION = YES;
				GCC_WARN_ABOUT_RETURN_TYPE = YES_ERROR;
				GCC_WARN_UNDECLARED_SELECTOR = YES;
				GCC_WARN_UNINITIALIZED_AUTOS = YES_AGGRESSIVE;
				GCC_WARN_UNUSED_FUNCTION = YES;
				GCC_WARN_UNUSED_VARIABLE = YES;
				IPHONEOS_DEPLOYMENT_TARGET = 14.3;
				MTL_ENABLE_DEBUG_INFO = INCLUDE_SOURCE;
				MTL_FAST_MATH = YES;
				ONLY_ACTIVE_ARCH = YES;
				SDKROOT = iphoneos;
				SWIFT_ACTIVE_COMPILATION_CONDITIONS = DEBUG;
				SWIFT_OPTIMIZATION_LEVEL = "-Onone";
			};
			name = Debug;
		};
		5E67C4AB25B589B700018FAC /* Release */ = {
			isa = XCBuildConfiguration;
			buildSettings = {
				ALWAYS_SEARCH_USER_PATHS = NO;
				CLANG_ANALYZER_NONNULL = YES;
				CLANG_ANALYZER_NUMBER_OBJECT_CONVERSION = YES_AGGRESSIVE;
				CLANG_CXX_LANGUAGE_STANDARD = "gnu++14";
				CLANG_CXX_LIBRARY = "libc++";
				CLANG_ENABLE_MODULES = YES;
				CLANG_ENABLE_OBJC_ARC = YES;
				CLANG_ENABLE_OBJC_WEAK = YES;
				CLANG_WARN_BLOCK_CAPTURE_AUTORELEASING = YES;
				CLANG_WARN_BOOL_CONVERSION = YES;
				CLANG_WARN_COMMA = YES;
				CLANG_WARN_CONSTANT_CONVERSION = YES;
				CLANG_WARN_DEPRECATED_OBJC_IMPLEMENTATIONS = YES;
				CLANG_WARN_DIRECT_OBJC_ISA_USAGE = YES_ERROR;
				CLANG_WARN_DOCUMENTATION_COMMENTS = YES;
				CLANG_WARN_EMPTY_BODY = YES;
				CLANG_WARN_ENUM_CONVERSION = YES;
				CLANG_WARN_INFINITE_RECURSION = YES;
				CLANG_WARN_INT_CONVERSION = YES;
				CLANG_WARN_NON_LITERAL_NULL_CONVERSION = YES;
				CLANG_WARN_OBJC_IMPLICIT_RETAIN_SELF = YES;
				CLANG_WARN_OBJC_LITERAL_CONVERSION = YES;
				CLANG_WARN_OBJC_ROOT_CLASS = YES_ERROR;
				CLANG_WARN_QUOTED_INCLUDE_IN_FRAMEWORK_HEADER = YES;
				CLANG_WARN_RANGE_LOOP_ANALYSIS = YES;
				CLANG_WARN_STRICT_PROTOTYPES = YES;
				CLANG_WARN_SUSPICIOUS_MOVE = YES;
				CLANG_WARN_UNGUARDED_AVAILABILITY = YES_AGGRESSIVE;
				CLANG_WARN_UNREACHABLE_CODE = YES;
				CLANG_WARN__DUPLICATE_METHOD_MATCH = YES;
				COPY_PHASE_STRIP = NO;
				DEBUG_INFORMATION_FORMAT = "dwarf-with-dsym";
				ENABLE_NS_ASSERTIONS = NO;
				ENABLE_STRICT_OBJC_MSGSEND = YES;
				GCC_C_LANGUAGE_STANDARD = gnu11;
				GCC_NO_COMMON_BLOCKS = YES;
				GCC_WARN_64_TO_32_BIT_CONVERSION = YES;
				GCC_WARN_ABOUT_RETURN_TYPE = YES_ERROR;
				GCC_WARN_UNDECLARED_SELECTOR = YES;
				GCC_WARN_UNINITIALIZED_AUTOS = YES_AGGRESSIVE;
				GCC_WARN_UNUSED_FUNCTION = YES;
				GCC_WARN_UNUSED_VARIABLE = YES;
				IPHONEOS_DEPLOYMENT_TARGET = 14.3;
				MTL_ENABLE_DEBUG_INFO = NO;
				MTL_FAST_MATH = YES;
				SDKROOT = iphoneos;
				SWIFT_COMPILATION_MODE = wholemodule;
				SWIFT_OPTIMIZATION_LEVEL = "-O";
				VALIDATE_PRODUCT = YES;
			};
			name = Release;
		};
		5E67C4AD25B589B700018FAC /* Debug */ = {
			isa = XCBuildConfiguration;
			buildSettings = {
				ASSETCATALOG_COMPILER_APPICON_NAME = AppIcon;
				ASSETCATALOG_COMPILER_GLOBAL_ACCENT_COLOR_NAME = AccentColor;
				CODE_SIGN_STYLE = Automatic;
				DEVELOPMENT_TEAM = 9V7Y97G9V9;
				INFOPLIST_FILE = BankingSystem/Info.plist;
				LD_RUNPATH_SEARCH_PATHS = (
					"$(inherited)",
					"@executable_path/Frameworks",
				);
				PRODUCT_BUNDLE_IDENTIFIER = saleh.sherif.BankingSystem;
				PRODUCT_NAME = "$(TARGET_NAME)";
				SWIFT_VERSION = 5.0;
				TARGETED_DEVICE_FAMILY = "1,2";
			};
			name = Debug;
		};
		5E67C4AE25B589B700018FAC /* Release */ = {
			isa = XCBuildConfiguration;
			buildSettings = {
				ASSETCATALOG_COMPILER_APPICON_NAME = AppIcon;
				ASSETCATALOG_COMPILER_GLOBAL_ACCENT_COLOR_NAME = AccentColor;
				CODE_SIGN_STYLE = Automatic;
				DEVELOPMENT_TEAM = 9V7Y97G9V9;
				INFOPLIST_FILE = BankingSystem/Info.plist;
				LD_RUNPATH_SEARCH_PATHS = (
					"$(inherited)",
					"@executable_path/Frameworks",
				);
				PRODUCT_BUNDLE_IDENTIFIER = saleh.sherif.BankingSystem;
				PRODUCT_NAME = "$(TARGET_NAME)";
				SWIFT_VERSION = 5.0;
				TARGETED_DEVICE_FAMILY = "1,2";
			};
			name = Release;
		};
		5E67C4B025B589B700018FAC /* Debug */ = {
			isa = XCBuildConfiguration;
			buildSettings = {
				ALWAYS_EMBED_SWIFT_STANDARD_LIBRARIES = YES;
				BUNDLE_LOADER = "$(TEST_HOST)";
				CODE_SIGN_STYLE = Automatic;
				DEVELOPMENT_TEAM = 9V7Y97G9V9;
				INFOPLIST_FILE = BankingSystemTests/Info.plist;
				IPHONEOS_DEPLOYMENT_TARGET = 14.3;
				LD_RUNPATH_SEARCH_PATHS = (
					"$(inherited)",
					"@executable_path/Frameworks",
					"@loader_path/Frameworks",
				);
				PRODUCT_BUNDLE_IDENTIFIER = saleh.sherif.BankingSystemTests;
				PRODUCT_NAME = "$(TARGET_NAME)";
				SWIFT_VERSION = 5.0;
				TARGETED_DEVICE_FAMILY = "1,2";
				TEST_HOST = "$(BUILT_PRODUCTS_DIR)/BankingSystem.app/BankingSystem";
			};
			name = Debug;
		};
		5E67C4B125B589B700018FAC /* Release */ = {
			isa = XCBuildConfiguration;
			buildSettings = {
				ALWAYS_EMBED_SWIFT_STANDARD_LIBRARIES = YES;
				BUNDLE_LOADER = "$(TEST_HOST)";
				CODE_SIGN_STYLE = Automatic;
				DEVELOPMENT_TEAM = 9V7Y97G9V9;
				INFOPLIST_FILE = BankingSystemTests/Info.plist;
				IPHONEOS_DEPLOYMENT_TARGET = 14.3;
				LD_RUNPATH_SEARCH_PATHS = (
					"$(inherited)",
					"@executable_path/Frameworks",
					"@loader_path/Frameworks",
				);
				PRODUCT_BUNDLE_IDENTIFIER = saleh.sherif.BankingSystemTests;
				PRODUCT_NAME = "$(TARGET_NAME)";
				SWIFT_VERSION = 5.0;
				TARGETED_DEVICE_FAMILY = "1,2";
				TEST_HOST = "$(BUILT_PRODUCTS_DIR)/BankingSystem.app/BankingSystem";
			};
			name = Release;
		};
		5E67C4B325B589B700018FAC /* Debug */ = {
			isa = XCBuildConfiguration;
			buildSettings = {
				ALWAYS_EMBED_SWIFT_STANDARD_LIBRARIES = YES;
				CODE_SIGN_STYLE = Automatic;
				DEVELOPMENT_TEAM = 9V7Y97G9V9;
				INFOPLIST_FILE = BankingSystemUITests/Info.plist;
				LD_RUNPATH_SEARCH_PATHS = (
					"$(inherited)",
					"@executable_path/Frameworks",
					"@loader_path/Frameworks",
				);
				PRODUCT_BUNDLE_IDENTIFIER = saleh.sherif.BankingSystemUITests;
				PRODUCT_NAME = "$(TARGET_NAME)";
				SWIFT_VERSION = 5.0;
				TARGETED_DEVICE_FAMILY = "1,2";
				TEST_TARGET_NAME = BankingSystem;
			};
			name = Debug;
		};
		5E67C4B425B589B700018FAC /* Release */ = {
			isa = XCBuildConfiguration;
			buildSettings = {
				ALWAYS_EMBED_SWIFT_STANDARD_LIBRARIES = YES;
				CODE_SIGN_STYLE = Automatic;
				DEVELOPMENT_TEAM = 9V7Y97G9V9;
				INFOPLIST_FILE = BankingSystemUITests/Info.plist;
				LD_RUNPATH_SEARCH_PATHS = (
					"$(inherited)",
					"@executable_path/Frameworks",
					"@loader_path/Frameworks",
				);
				PRODUCT_BUNDLE_IDENTIFIER = saleh.sherif.BankingSystemUITests;
				PRODUCT_NAME = "$(TARGET_NAME)";
				SWIFT_VERSION = 5.0;
				TARGETED_DEVICE_FAMILY = "1,2";
				TEST_TARGET_NAME = BankingSystem;
			};
			name = Release;
		};
/* End XCBuildConfiguration section */

/* Begin XCConfigurationList section */
		5E67C47D25B589B400018FAC /* Build configuration list for PBXProject "BankingSystem" */ = {
			isa = XCConfigurationList;
			buildConfigurations = (
				5E67C4AA25B589B700018FAC /* Debug */,
				5E67C4AB25B589B700018FAC /* Release */,
			);
			defaultConfigurationIsVisible = 0;
			defaultConfigurationName = Release;
		};
		5E67C4AC25B589B700018FAC /* Build configuration list for PBXNativeTarget "BankingSystem" */ = {
			isa = XCConfigurationList;
			buildConfigurations = (
				5E67C4AD25B589B700018FAC /* Debug */,
				5E67C4AE25B589B700018FAC /* Release */,
			);
			defaultConfigurationIsVisible = 0;
			defaultConfigurationName = Release;
		};
		5E67C4AF25B589B700018FAC /* Build configuration list for PBXNativeTarget "BankingSystemTests" */ = {
			isa = XCConfigurationList;
			buildConfigurations = (
				5E67C4B025B589B700018FAC /* Debug */,
				5E67C4B125B589B700018FAC /* Release */,
			);
			defaultConfigurationIsVisible = 0;
			defaultConfigurationName = Release;
		};
		5E67C4B225B589B700018FAC /* Build configuration list for PBXNativeTarget "BankingSystemUITests" */ = {
			isa = XCConfigurationList;
			buildConfigurations = (
				5E67C4B325B589B700018FAC /* Debug */,
				5E67C4B425B589B700018FAC /* Release */,
			);
			defaultConfigurationIsVisible = 0;
			defaultConfigurationName = Release;
		};
/* End XCConfigurationList section */
	};
	rootObject = 5E67C47A25B589B400018FAC /* Project object */;
}
