// !$*UTF8*$!
{
	archiveVersion = 1;
	classes = {
	};
	objectVersion = 51;
	objects = {

/* Begin PBXBuildFile section */
		5E21F2B425B5BB820014D1DF /* AccountViewModel.swift in Sources */ = {isa = PBXBuildFile; fileRef = 5E21F2B325B5BB820014D1DF /* AccountViewModel.swift */; };
		5E21F2C025B5BB900014D1DF /* BudgetviewModel.swift in Sources */ = {isa = PBXBuildFile; fileRef = 5E21F2BF25B5BB900014D1DF /* BudgetviewModel.swift */; };
		5E21F2C525B5BD5B0014D1DF /* BudgetManager.swift in Sources */ = {isa = PBXBuildFile; fileRef = 5E21F2C425B5BD5B0014D1DF /* BudgetManager.swift */; };
		5E21F2CA25B5BD700014D1DF /* AccountManager.swift in Sources */ = {isa = PBXBuildFile; fileRef = 5E21F2C925B5BD700014D1DF /* AccountManager.swift */; };
		5E21F2D625B5C46F0014D1DF /* BudgetsModel.swift in Sources */ = {isa = PBXBuildFile; fileRef = 5E21F2D525B5C46F0014D1DF /* BudgetsModel.swift */; };
		5E21F2DB25B5C4820014D1DF /* AccountModel.swift in Sources */ = {isa = PBXBuildFile; fileRef = 5E21F2DA25B5C4820014D1DF /* AccountModel.swift */; };
		5E21F2E025B5C6A00014D1DF /* JSON+extentions.swift in Sources */ = {isa = PBXBuildFile; fileRef = 5E21F2DF25B5C6A00014D1DF /* JSON+extentions.swift */; };
		5E21F31625B5EB520014D1DF /* AddAccountViewController.swift in Sources */ = {isa = PBXBuildFile; fileRef = 5E21F31525B5EB520014D1DF /* AddAccountViewController.swift */; };
		5E67C48625B589B400018FAC /* AppDelegate.swift in Sources */ = {isa = PBXBuildFile; fileRef = 5E67C48525B589B400018FAC /* AppDelegate.swift */; };
		5E67C48825B589B400018FAC /* SceneDelegate.swift in Sources */ = {isa = PBXBuildFile; fileRef = 5E67C48725B589B400018FAC /* SceneDelegate.swift */; };
		5E67C48D25B589B400018FAC /* Main.storyboard in Resources */ = {isa = PBXBuildFile; fileRef = 5E67C48B25B589B400018FAC /* Main.storyboard */; };
		5E67C48F25B589B700018FAC /* Assets.xcassets in Resources */ = {isa = PBXBuildFile; fileRef = 5E67C48E25B589B700018FAC /* Assets.xcassets */; };
		5E67C49225B589B700018FAC /* LaunchScreen.storyboard in Resources */ = {isa = PBXBuildFile; fileRef = 5E67C49025B589B700018FAC /* LaunchScreen.storyboard */; };
		5E67C49D25B589B700018FAC /* BankingSystemTests.swift in Sources */ = {isa = PBXBuildFile; fileRef = 5E67C49C25B589B700018FAC /* BankingSystemTests.swift */; };
		5E67C4A825B589B700018FAC /* BankingSystemUITests.swift in Sources */ = {isa = PBXBuildFile; fileRef = 5E67C4A725B589B700018FAC /* BankingSystemUITests.swift */; };
		5E67C4C125B596A600018FAC /* ApiUrls.swift in Sources */ = {isa = PBXBuildFile; fileRef = 5E67C4C025B596A600018FAC /* ApiUrls.swift */; };
		5E67C4C625B596C500018FAC /* GlobalVariables.swift in Sources */ = {isa = PBXBuildFile; fileRef = 5E67C4C525B596C500018FAC /* GlobalVariables.swift */; };
		5E67C4CB25B596DE00018FAC /* GlobalFunctions.swift in Sources */ = {isa = PBXBuildFile; fileRef = 5E67C4CA25B596DE00018FAC /* GlobalFunctions.swift */; };
		5E67C4D025B5971500018FAC /* StringsIdentifiers.swift in Sources */ = {isa = PBXBuildFile; fileRef = 5E67C4CF25B5971500018FAC /* StringsIdentifiers.swift */; };
		5E67C4D525B5975900018FAC /* BaseModel.swift in Sources */ = {isa = PBXBuildFile; fileRef = 5E67C4D425B5975900018FAC /* BaseModel.swift */; };
		5E67C4DA25B5976900018FAC /* BaseManager.swift in Sources */ = {isa = PBXBuildFile; fileRef = 5E67C4D925B5976900018FAC /* BaseManager.swift */; };
		5E67C4E125B5999000018FAC /* BudgetViewController.swift in Sources */ = {isa = PBXBuildFile; fileRef = 5E67C4E025B5998F00018FAC /* BudgetViewController.swift */; };
		5E67C4E625B5999E00018FAC /* AccountViewController.swift in Sources */ = {isa = PBXBuildFile; fileRef = 5E67C4E525B5999E00018FAC /* AccountViewController.swift */; };
		5E67C4EE25B599E500018FAC /* StoryboardRouter.swift in Sources */ = {isa = PBXBuildFile; fileRef = 5E67C4ED25B599E500018FAC /* StoryboardRouter.swift */; };
		5E67C50C25B5AD9E00018FAC /* BudgetTableViewCell.swift in Sources */ = {isa = PBXBuildFile; fileRef = 5E67C50A25B5AD9E00018FAC /* BudgetTableViewCell.swift */; };
		5E67C50D25B5AD9E00018FAC /* BudgetTableViewCell.xib in Resources */ = {isa = PBXBuildFile; fileRef = 5E67C50B25B5AD9E00018FAC /* BudgetTableViewCell.xib */; };
		5E67C51325B5B0FC00018FAC /* AccountTableViewCell.swift in Sources */ = {isa = PBXBuildFile; fileRef = 5E67C51125B5B0FC00018FAC /* AccountTableViewCell.swift */; };
		5E67C51425B5B0FC00018FAC /* AccountTableViewCell.xib in Resources */ = {isa = PBXBuildFile; fileRef = 5E67C51225B5B0FC00018FAC /* AccountTableViewCell.xib */; };
		5E67C51925B5B5A900018FAC /* Connectivity.swift in Sources */ = {isa = PBXBuildFile; fileRef = 5E67C51825B5B5A900018FAC /* Connectivity.swift */; };
		5E7CE06D25B6DCF7001D4313 /* AbstractViewController.swift in Sources */ = {isa = PBXBuildFile; fileRef = 5E7CE06C25B6DCF6001D4313 /* AbstractViewController.swift */; };
		5E7CE07225B6DFB6001D4313 /* AbstractViewModel.swift in Sources */ = {isa = PBXBuildFile; fileRef = 5E7CE07125B6DFB6001D4313 /* AbstractViewModel.swift */; };
		9263FB6BACA430CB128BD798 /* Pods_BankingSystem.framework in Frameworks */ = {isa = PBXBuildFile; fileRef = BE9C33848D7FF211FB3C1134 /* Pods_BankingSystem.framework */; };
/* End PBXBuildFile section */

/* Begin PBXContainerItemProxy section */
		5E67C49925B589B700018FAC /* PBXContainerItemProxy */ = {
			isa = PBXContainerItemProxy;
			containerPortal = 5E67C47A25B589B400018FAC /* Project object */;
			proxyType = 1;
			remoteGlobalIDString = 5E67C48125B589B400018FAC;
			remoteInfo = BankingSystem;
		};
		5E67C4A425B589B700018FAC /* PBXContainerItemProxy */ = {
			isa = PBXContainerItemProxy;
			containerPortal = 5E67C47A25B589B400018FAC /* Project object */;
			proxyType = 1;
			remoteGlobalIDString = 5E67C48125B589B400018FAC;
			remoteInfo = BankingSystem;
		};
/* End PBXContainerItemProxy section */

/* Begin PBXFileReference section */
		30811B052908D2C0012FD928 /* Pods-BankingSystem.debug.xcconfig */ = {isa = PBXFileReference; includeInIndex = 1; lastKnownFileType = text.xcconfig; name = "Pods-BankingSystem.debug.xcconfig"; path = "Target Support Files/Pods-BankingSystem/Pods-BankingSystem.debug.xcconfig"; sourceTree = "<group>"; };
		5E21F2B325B5BB820014D1DF /* AccountViewModel.swift */ = {isa = PBXFileReference; lastKnownFileType = sourcecode.swift; path = AccountViewModel.swift; sourceTree = "<group>"; };
		5E21F2BF25B5BB900014D1DF /* BudgetviewModel.swift */ = {isa = PBXFileReference; lastKnownFileType = sourcecode.swift; path = BudgetviewModel.swift; sourceTree = "<group>"; };
		5E21F2C425B5BD5B0014D1DF /* BudgetManager.swift */ = {isa = PBXFileReference; lastKnownFileType = sourcecode.swift; path = BudgetManager.swift; sourceTree = "<group>"; };
		5E21F2C925B5BD700014D1DF /* AccountManager.swift */ = {isa = PBXFileReference; lastKnownFileType = sourcecode.swift; path = AccountManager.swift; sourceTree = "<group>"; };
		5E21F2D525B5C46F0014D1DF /* BudgetsModel.swift */ = {isa = PBXFileReference; lastKnownFileType = sourcecode.swift; path = BudgetsModel.swift; sourceTree = "<group>"; };
		5E21F2DA25B5C4820014D1DF /* AccountModel.swift */ = {isa = PBXFileReference; lastKnownFileType = sourcecode.swift; path = AccountModel.swift; sourceTree = "<group>"; };
		5E21F2DF25B5C6A00014D1DF /* JSON+extentions.swift */ = {isa = PBXFileReference; lastKnownFileType = sourcecode.swift; path = "JSON+extentions.swift"; sourceTree = "<group>"; };
		5E21F31525B5EB520014D1DF /* AddAccountViewController.swift */ = {isa = PBXFileReference; lastKnownFileType = sourcecode.swift; path = AddAccountViewController.swift; sourceTree = "<group>"; };
		5E67C48225B589B400018FAC /* BankingSystem.app */ = {isa = PBXFileReference; explicitFileType = wrapper.application; includeInIndex = 0; path = BankingSystem.app; sourceTree = BUILT_PRODUCTS_DIR; };
		5E67C48525B589B400018FAC /* AppDelegate.swift */ = {isa = PBXFileReference; lastKnownFileType = sourcecode.swift; path = AppDelegate.swift; sourceTree = "<group>"; };
		5E67C48725B589B400018FAC /* SceneDelegate.swift */ = {isa = PBXFileReference; lastKnownFileType = sourcecode.swift; path = SceneDelegate.swift; sourceTree = "<group>"; };
		5E67C48C25B589B400018FAC /* Base */ = {isa = PBXFileReference; lastKnownFileType = file.storyboard; name = Base; path = Base.lproj/Main.storyboard; sourceTree = "<group>"; };
		5E67C48E25B589B700018FAC /* Assets.xcassets */ = {isa = PBXFileReference; lastKnownFileType = folder.assetcatalog; path = Assets.xcassets; sourceTree = "<group>"; };
		5E67C49125B589B700018FAC /* Base */ = {isa = PBXFileReference; lastKnownFileType = file.storyboard; name = Base; path = Base.lproj/LaunchScreen.storyboard; sourceTree = "<group>"; };
		5E67C49325B589B700018FAC /* Info.plist */ = {isa = PBXFileReference; lastKnownFileType = text.plist.xml; path = Info.plist; sourceTree = "<group>"; };
		5E67C49825B589B700018FAC /* BankingSystemTests.xctest */ = {isa = PBXFileReference; explicitFileType = wrapper.cfbundle; includeInIndex = 0; path = BankingSystemTests.xctest; sourceTree = BUILT_PRODUCTS_DIR; };
		5E67C49C25B589B700018FAC /* BankingSystemTests.swift */ = {isa = PBXFileReference; lastKnownFileType = sourcecode.swift; path = BankingSystemTests.swift; sourceTree = "<group>"; };
		5E67C49E25B589B700018FAC /* Info.plist */ = {isa = PBXFileReference; lastKnownFileType = text.plist.xml; path = Info.plist; sourceTree = "<group>"; };
		5E67C4A325B589B700018FAC /* BankingSystemUITests.xctest */ = {isa = PBXFileReference; explicitFileType = wrapper.cfbundle; includeInIndex = 0; path = BankingSystemUITests.xctest; sourceTree = BUILT_PRODUCTS_DIR; };
		5E67C4A725B589B700018FAC /* BankingSystemUITests.swift */ = {isa = PBXFileReference; lastKnownFileType = sourcecode.swift; path = BankingSystemUITests.swift; sourceTree = "<group>"; };
		5E67C4A925B589B700018FAC /* Info.plist */ = {isa = PBXFileReference; lastKnownFileType = text.plist.xml; path = Info.plist; sourceTree = "<group>"; };
		5E67C4C025B596A600018FAC /* ApiUrls.swift */ = {isa = PBXFileReference; lastKnownFileType = sourcecode.swift; path = ApiUrls.swift; sourceTree = "<group>"; };
		5E67C4C525B596C500018FAC /* GlobalVariables.swift */ = {isa = PBXFileReference; lastKnownFileType = sourcecode.swift; path = GlobalVariables.swift; sourceTree = "<group>"; };
		5E67C4CA25B596DE00018FAC /* GlobalFunctions.swift */ = {isa = PBXFileReference; lastKnownFileType = sourcecode.swift; path = GlobalFunctions.swift; sourceTree = "<group>"; };
		5E67C4CF25B5971500018FAC /* StringsIdentifiers.swift */ = {isa = PBXFileReference; lastKnownFileType = sourcecode.swift; path = StringsIdentifiers.swift; sourceTree = "<group>"; };
		5E67C4D425B5975900018FAC /* BaseModel.swift */ = {isa = PBXFileReference; lastKnownFileType = sourcecode.swift; path = BaseModel.swift; sourceTree = "<group>"; };
		5E67C4D925B5976900018FAC /* BaseManager.swift */ = {isa = PBXFileReference; lastKnownFileType = sourcecode.swift; path = BaseManager.swift; sourceTree = "<group>"; };
		5E67C4E025B5998F00018FAC /* BudgetViewController.swift */ = {isa = PBXFileReference; lastKnownFileType = sourcecode.swift; path = BudgetViewController.swift; sourceTree = "<group>"; };
		5E67C4E525B5999E00018FAC /* AccountViewController.swift */ = {isa = PBXFileReference; lastKnownFileType = sourcecode.swift; path = AccountViewController.swift; sourceTree = "<group>"; };
		5E67C4ED25B599E500018FAC /* StoryboardRouter.swift */ = {isa = PBXFileReference; lastKnownFileType = sourcecode.swift; path = StoryboardRouter.swift; sourceTree = "<group>"; };
		5E67C50A25B5AD9E00018FAC /* BudgetTableViewCell.swift */ = {isa = PBXFileReference; lastKnownFileType = sourcecode.swift; path = BudgetTableViewCell.swift; sourceTree = "<group>"; };
		5E67C50B25B5AD9E00018FAC /* BudgetTableViewCell.xib */ = {isa = PBXFileReference; lastKnownFileType = file.xib; path = BudgetTableViewCell.xib; sourceTree = "<group>"; };
		5E67C51125B5B0FC00018FAC /* AccountTableViewCell.swift */ = {isa = PBXFileReference; lastKnownFileType = sourcecode.swift; path = AccountTableViewCell.swift; sourceTree = "<group>"; };
		5E67C51225B5B0FC00018FAC /* AccountTableViewCell.xib */ = {isa = PBXFileReference; lastKnownFileType = file.xib; path = AccountTableViewCell.xib; sourceTree = "<group>"; };
		5E67C51825B5B5A900018FAC /* Connectivity.swift */ = {isa = PBXFileReference; lastKnownFileType = sourcecode.swift; path = Connectivity.swift; sourceTree = "<group>"; };
		5E7CE06C25B6DCF6001D4313 /* AbstractViewController.swift */ = {isa = PBXFileReference; lastKnownFileType = sourcecode.swift; path = AbstractViewController.swift; sourceTree = "<group>"; };
		5E7CE07125B6DFB6001D4313 /* AbstractViewModel.swift */ = {isa = PBXFileReference; lastKnownFileType = sourcecode.swift; path = AbstractViewModel.swift; sourceTree = "<group>"; };
		BE9C33848D7FF211FB3C1134 /* Pods_BankingSystem.framework */ = {isa = PBXFileReference; explicitFileType = wrapper.framework; includeInIndex = 0; path = Pods_BankingSystem.framework; sourceTree = BUILT_PRODUCTS_DIR; };
		C6669B146FC55DE8EAFB3F08 /* Pods-BankingSystem.release.xcconfig */ = {isa = PBXFileReference; includeInIndex = 1; lastKnownFileType = text.xcconfig; name = "Pods-BankingSystem.release.xcconfig"; path = "Target Support Files/Pods-BankingSystem/Pods-BankingSystem.release.xcconfig"; sourceTree = "<group>"; };
/* End PBXFileReference section */

/* Begin PBXFrameworksBuildPhase section */
		5E67C47F25B589B400018FAC /* Frameworks */ = {
			isa = PBXFrameworksBuildPhase;
			buildActionMask = 2147483647;
			files = (
				9263FB6BACA430CB128BD798 /* Pods_BankingSystem.framework in Frameworks */,
			);
			runOnlyForDeploymentPostprocessing = 0;
		};
		5E67C49525B589B700018FAC /* Frameworks */ = {
			isa = PBXFrameworksBuildPhase;
			buildActionMask = 2147483647;
			files = (
			);
			runOnlyForDeploymentPostprocessing = 0;
		};
		5E67C4A025B589B700018FAC /* Frameworks */ = {
			isa = PBXFrameworksBuildPhase;
			buildActionMask = 2147483647;
			files = (
			);
			runOnlyForDeploymentPostprocessing = 0;
		};
/* End PBXFrameworksBuildPhase section */

/* Begin PBXGroup section */
		5E21F2B225B5BB640014D1DF /* ViewModel */ = {
			isa = PBXGroup;
			children = (
				5E21F2B325B5BB820014D1DF /* AccountViewModel.swift */,
				5E21F2BF25B5BB900014D1DF /* BudgetviewModel.swift */,
			);
			path = ViewModel;
			sourceTree = "<group>";
		};
		5E67C47925B589B400018FAC = {
			isa = PBXGroup;
			children = (
				5E67C48425B589B400018FAC /* BankingSystem */,
				5E67C49B25B589B700018FAC /* BankingSystemTests */,
				5E67C4A625B589B700018FAC /* BankingSystemUITests */,
				5E67C48325B589B400018FAC /* Products */,
				B72BF8A340CB9FEEF322AE7D /* Pods */,
				E45DB149E35739256D0686DE /* Frameworks */,
			);
			sourceTree = "<group>";
		};
		5E67C48325B589B400018FAC /* Products */ = {
			isa = PBXGroup;
			children = (
				5E67C48225B589B400018FAC /* BankingSystem.app */,
				5E67C49825B589B700018FAC /* BankingSystemTests.xctest */,
				5E67C4A325B589B700018FAC /* BankingSystemUITests.xctest */,
			);
			name = Products;
			sourceTree = "<group>";
		};
		5E67C48425B589B400018FAC /* BankingSystem */ = {
			isa = PBXGroup;
			children = (
				5E67C51E25B5B61C00018FAC /* Managers */,
				5E67C51D25B5B61400018FAC /* Models */,
				5E67C4BC25B5962800018FAC /* Constant */,
				5E67C4BB25B5960A00018FAC /* Utilities */,
				5E67C4BA25B595FE00018FAC /* Delegates */,
				5E67C4B925B595E900018FAC /* Storyboard */,
				5E67C4B825B595D100018FAC /* Controllers */,
				5E67C48E25B589B700018FAC /* Assets.xcassets */,
				5E67C49325B589B700018FAC /* Info.plist */,
			);
			path = BankingSystem;
			sourceTree = "<group>";
		};
		5E67C49B25B589B700018FAC /* BankingSystemTests */ = {
			isa = PBXGroup;
			children = (
				5E67C49C25B589B700018FAC /* BankingSystemTests.swift */,
				5E67C49E25B589B700018FAC /* Info.plist */,
			);
			path = BankingSystemTests;
			sourceTree = "<group>";
		};
		5E67C4A625B589B700018FAC /* BankingSystemUITests */ = {
			isa = PBXGroup;
			children = (
				5E67C4A725B589B700018FAC /* BankingSystemUITests.swift */,
				5E67C4A925B589B700018FAC /* Info.plist */,
			);
			path = BankingSystemUITests;
			sourceTree = "<group>";
		};
		5E67C4B825B595D100018FAC /* Controllers */ = {
			isa = PBXGroup;
			children = (
				5E21F2B225B5BB640014D1DF /* ViewModel */,
				5E67C4E525B5999E00018FAC /* AccountViewController.swift */,
				5E67C4E025B5998F00018FAC /* BudgetViewController.swift */,
				5E21F31525B5EB520014D1DF /* AddAccountViewController.swift */,
			);
			path = Controllers;
			sourceTree = "<group>";
		};
		5E67C4B925B595E900018FAC /* Storyboard */ = {
			isa = PBXGroup;
			children = (
				5E67C50925B5AD7C00018FAC /* Cells */,
				5E67C48B25B589B400018FAC /* Main.storyboard */,
				5E67C49025B589B700018FAC /* LaunchScreen.storyboard */,
				5E67C4ED25B599E500018FAC /* StoryboardRouter.swift */,
			);
			path = Storyboard;
			sourceTree = "<group>";
		};
		5E67C4BA25B595FE00018FAC /* Delegates */ = {
			isa = PBXGroup;
			children = (
				5E67C48525B589B400018FAC /* AppDelegate.swift */,
				5E67C48725B589B400018FAC /* SceneDelegate.swift */,
			);
			path = Delegates;
			sourceTree = "<group>";
		};
		5E67C4BB25B5960A00018FAC /* Utilities */ = {
			isa = PBXGroup;
			children = (
				5E67C4DF25B5978000018FAC /* Abstract */,
				5E67C4DE25B5977000018FAC /* Extentions */,
				5E67C4D425B5975900018FAC /* BaseModel.swift */,
				5E67C4D925B5976900018FAC /* BaseManager.swift */,
				5E67C51825B5B5A900018FAC /* Connectivity.swift */,
			);
			path = Utilities;
			sourceTree = "<group>";
		};
		5E67C4BC25B5962800018FAC /* Constant */ = {
			isa = PBXGroup;
			children = (
				5E67C4C025B596A600018FAC /* ApiUrls.swift */,
				5E67C4C525B596C500018FAC /* GlobalVariables.swift */,
				5E67C4CA25B596DE00018FAC /* GlobalFunctions.swift */,
				5E67C4CF25B5971500018FAC /* StringsIdentifiers.swift */,
			);
			path = Constant;
			sourceTree = "<group>";
		};
		5E67C4DE25B5977000018FAC /* Extentions */ = {
			isa = PBXGroup;
			children = (
				5E21F2DF25B5C6A00014D1DF /* JSON+extentions.swift */,
			);
			path = Extentions;
			sourceTree = "<group>";
		};
		5E67C4DF25B5978000018FAC /* Abstract */ = {
			isa = PBXGroup;
			children = (
				5E7CE06C25B6DCF6001D4313 /* AbstractViewController.swift */,
				5E7CE07125B6DFB6001D4313 /* AbstractViewModel.swift */,
			);
			path = Abstract;
			sourceTree = "<group>";
		};
		5E67C50925B5AD7C00018FAC /* Cells */ = {
			isa = PBXGroup;
			children = (
				5E67C50A25B5AD9E00018FAC /* BudgetTableViewCell.swift */,
				5E67C50B25B5AD9E00018FAC /* BudgetTableViewCell.xib */,
				5E67C51125B5B0FC00018FAC /* AccountTableViewCell.swift */,
				5E67C51225B5B0FC00018FAC /* AccountTableViewCell.xib */,
			);
			path = Cells;
			sourceTree = "<group>";
		};
		5E67C51D25B5B61400018FAC /* Models */ = {
			isa = PBXGroup;
			children = (
				5E21F2D525B5C46F0014D1DF /* BudgetsModel.swift */,
				5E21F2DA25B5C4820014D1DF /* AccountModel.swift */,
			);
			path = Models;
			sourceTree = "<group>";
		};
		5E67C51E25B5B61C00018FAC /* Managers */ = {
			isa = PBXGroup;
			children = (
				5E21F2C425B5BD5B0014D1DF /* BudgetManager.swift */,
				5E21F2C925B5BD700014D1DF /* AccountManager.swift */,
			);
			path = Managers;
			sourceTree = "<group>";
		};
		B72BF8A340CB9FEEF322AE7D /* Pods */ = {
			isa = PBXGroup;
			children = (
				30811B052908D2C0012FD928 /* Pods-BankingSystem.debug.xcconfig */,
				C6669B146FC55DE8EAFB3F08 /* Pods-BankingSystem.release.xcconfig */,
			);
			path = Pods;
			sourceTree = "<group>";
		};
		E45DB149E35739256D0686DE /* Frameworks */ = {
			isa = PBXGroup;
			children = (
				BE9C33848D7FF211FB3C1134 /* Pods_BankingSystem.framework */,
			);
			name = Frameworks;
			sourceTree = "<group>";
		};
/* End PBXGroup section */

/* Begin PBXNativeTarget section */
		5E67C48125B589B400018FAC /* BankingSystem */ = {
			isa = PBXNativeTarget;
			buildConfigurationList = 5E67C4AC25B589B700018FAC /* Build configuration list for PBXNativeTarget "BankingSystem" */;
			buildPhases = (
				2A29E2F3895EBCF20D5EE692 /* [CP] Check Pods Manifest.lock */,
				5E67C47E25B589B400018FAC /* Sources */,
				5E67C47F25B589B400018FAC /* Frameworks */,
				5E67C48025B589B400018FAC /* Resources */,
				0D9CA37B931DB16033D3592C /* [CP] Embed Pods Frameworks */,
			);
			buildRules = (
			);
			dependencies = (
			);
			name = BankingSystem;
			productName = BankingSystem;
			productReference = 5E67C48225B589B400018FAC /* BankingSystem.app */;
			productType = "com.apple.product-type.application";
		};
		5E67C49725B589B700018FAC /* BankingSystemTests */ = {
			isa = PBXNativeTarget;
			buildConfigurationList = 5E67C4AF25B589B700018FAC /* Build configuration list for PBXNativeTarget "BankingSystemTests" */;
			buildPhases = (
				5E67C49425B589B700018FAC /* Sources */,
				5E67C49525B589B700018FAC /* Frameworks */,
				5E67C49625B589B700018FAC /* Resources */,
			);
			buildRules = (
			);
			dependencies = (
				5E67C49A25B589B700018FAC /* PBXTargetDependency */,
			);
			name = BankingSystemTests;
			productName = BankingSystemTests;
			productReference = 5E67C49825B589B700018FAC /* BankingSystemTests.xctest */;
			productType = "com.apple.product-type.bundle.unit-test";
		};
		5E67C4A225B589B700018FAC /* BankingSystemUITests */ = {
			isa = PBXNativeTarget;
			buildConfigurationList = 5E67C4B225B589B700018FAC /* Build configuration list for PBXNativeTarget "BankingSystemUITests" */;
			buildPhases = (
				5E67C49F25B589B700018FAC /* Sources */,
				5E67C4A025B589B700018FAC /* Frameworks */,
				5E67C4A125B589B700018FAC /* Resources */,
			);
			buildRules = (
			);
			dependencies = (
				5E67C4A525B589B700018FAC /* PBXTargetDependency */,
			);
			name = BankingSystemUITests;
			productName = BankingSystemUITests;
			productReference = 5E67C4A325B589B700018FAC /* BankingSystemUITests.xctest */;
			productType = "com.apple.product-type.bundle.ui-testing";
		};
/* End PBXNativeTarget section */

/* Begin PBXProject section */
		5E67C47A25B589B400018FAC /* Project object */ = {
			isa = PBXProject;
			attributes = {
				LastSwiftUpdateCheck = 1230;
				LastUpgradeCheck = 1230;
				TargetAttributes = {
					5E67C48125B589B400018FAC = {
						CreatedOnToolsVersion = 12.3;
					};
					5E67C49725B589B700018FAC = {
						CreatedOnToolsVersion = 12.3;
						TestTargetID = 5E67C48125B589B400018FAC;
					};
					5E67C4A225B589B700018FAC = {
						CreatedOnToolsVersion = 12.3;
						TestTargetID = 5E67C48125B589B400018FAC;
					};
				};
			};
			buildConfigurationList = 5E67C47D25B589B400018FAC /* Build configuration list for PBXProject "BankingSystem" */;
			compatibilityVersion = "Xcode 9.3";
			developmentRegion = en;
			hasScannedForEncodings = 0;
			knownRegions = (
				en,
				Base,
			);
			mainGroup = 5E67C47925B589B400018FAC;
			productRefGroup = 5E67C48325B589B400018FAC /* Products */;
			projectDirPath = "";
			projectRoot = "";
			targets = (
				5E67C48125B589B400018FAC /* BankingSystem */,
				5E67C49725B589B700018FAC /* BankingSystemTests */,
				5E67C4A225B589B700018FAC /* BankingSystemUITests */,
			);
		};
/* End PBXProject section */

/* Begin PBXResourcesBuildPhase section */
		5E67C48025B589B400018FAC /* Resources */ = {
			isa = PBXResourcesBuildPhase;
			buildActionMask = 2147483647;
			files = (
				5E67C49225B589B700018FAC /* LaunchScreen.storyboard in Resources */,
				5E67C51425B5B0FC00018FAC /* AccountTableViewCell.xib in Resources */,
				5E67C48F25B589B700018FAC /* Assets.xcassets in Resources */,
				5E67C50D25B5AD9E00018FAC /* BudgetTableViewCell.xib in Resources */,
				5E67C48D25B589B400018FAC /* Main.storyboard in Resources */,
			);
			runOnlyForDeploymentPostprocessing = 0;
		};
		5E67C49625B589B700018FAC /* Resources */ = {
			isa = PBXResourcesBuildPhase;
			buildActionMask = 2147483647;
			files = (
			);
			runOnlyForDeploymentPostprocessing = 0;
		};
		5E67C4A125B589B700018FAC /* Resources */ = {
			isa = PBXResourcesBuildPhase;
			buildActionMask = 2147483647;
			files = (
			);
			runOnlyForDeploymentPostprocessing = 0;
		};
/* End PBXResourcesBuildPhase section */

/* Begin PBXShellScriptBuildPhase section */
		0D9CA37B931DB16033D3592C /* [CP] Embed Pods Frameworks */ = {
			isa = PBXShellScriptBuildPhase;
			buildActionMask = 2147483647;
			files = (
			);
			inputFileListPaths = (
				"${PODS_ROOT}/Target Support Files/Pods-BankingSystem/Pods-BankingSystem-frameworks-${CONFIGURATION}-input-files.xcfilelist",
			);
			name = "[CP] Embed Pods Frameworks";
			outputFileListPaths = (
				"${PODS_ROOT}/Target Support Files/Pods-BankingSystem/Pods-BankingSystem-frameworks-${CONFIGURATION}-output-files.xcfilelist",
			);
			runOnlyForDeploymentPostprocessing = 0;
			shellPath = /bin/sh;
			shellScript = "\"${PODS_ROOT}/Target Support Files/Pods-BankingSystem/Pods-BankingSystem-frameworks.sh\"\n";
			showEnvVarsInLog = 0;
		};
		2A29E2F3895EBCF20D5EE692 /* [CP] Check Pods Manifest.lock */ = {
			isa = PBXShellScriptBuildPhase;
			buildActionMask = 2147483647;
			files = (
			);
			inputFileListPaths = (
			);
			inputPaths = (
				"${PODS_PODFILE_DIR_PATH}/Podfile.lock",
				"${PODS_ROOT}/Manifest.lock",
			);
			name = "[CP] Check Pods Manifest.lock";
			outputFileListPaths = (
			);
			outputPaths = (
				"$(DERIVED_FILE_DIR)/Pods-BankingSystem-checkManifestLockResult.txt",
			);
			runOnlyForDeploymentPostprocessing = 0;
			shellPath = /bin/sh;
			shellScript = "diff \"${PODS_PODFILE_DIR_PATH}/Podfile.lock\" \"${PODS_ROOT}/Manifest.lock\" > /dev/null\nif [ $? != 0 ] ; then\n    # print error to STDERR\n    echo \"error: The sandbox is not in sync with the Podfile.lock. Run 'pod install' or update your CocoaPods installation.\" >&2\n    exit 1\nfi\n# This output is used by Xcode 'outputs' to avoid re-running this script phase.\necho \"SUCCESS\" > \"${SCRIPT_OUTPUT_FILE_0}\"\n";
			showEnvVarsInLog = 0;
		};
/* End PBXShellScriptBuildPhase section */

/* Begin PBXSourcesBuildPhase section */
		5E67C47E25B589B400018FAC /* Sources */ = {
			isa = PBXSourcesBuildPhase;
			buildActionMask = 2147483647;
			files = (
				5E21F2D625B5C46F0014D1DF /* BudgetsModel.swift in Sources */,
				5E21F2C525B5BD5B0014D1DF /* BudgetManager.swift in Sources */,
				5E67C51325B5B0FC00018FAC /* AccountTableViewCell.swift in Sources */,
				5E21F2B425B5BB820014D1DF /* AccountViewModel.swift in Sources */,
				5E67C4C125B596A600018FAC /* ApiUrls.swift in Sources */,
				5E67C4CB25B596DE00018FAC /* GlobalFunctions.swift in Sources */,
				5E21F2CA25B5BD700014D1DF /* AccountManager.swift in Sources */,
				5E67C50C25B5AD9E00018FAC /* BudgetTableViewCell.swift in Sources */,
				5E67C4D025B5971500018FAC /* StringsIdentifiers.swift in Sources */,
				5E67C48625B589B400018FAC /* AppDelegate.swift in Sources */,
				5E7CE07225B6DFB6001D4313 /* AbstractViewModel.swift in Sources */,
				5E7CE06D25B6DCF7001D4313 /* AbstractViewController.swift in Sources */,
				5E21F2C025B5BB900014D1DF /* BudgetviewModel.swift in Sources */,
				5E21F2E025B5C6A00014D1DF /* JSON+extentions.swift in Sources */,
				5E67C51925B5B5A900018FAC /* Connectivity.swift in Sources */,
				5E67C48825B589B400018FAC /* SceneDelegate.swift in Sources */,
				5E67C4EE25B599E500018FAC /* StoryboardRouter.swift in Sources */,
				5E67C4DA25B5976900018FAC /* BaseManager.swift in Sources */,
				5E21F31625B5EB520014D1DF /* AddAccountViewController.swift in Sources */,
				5E21F2DB25B5C4820014D1DF /* AccountModel.swift in Sources */,
				5E67C4E125B5999000018FAC /* BudgetViewController.swift in Sources */,
				5E67C4D525B5975900018FAC /* BaseModel.swift in Sources */,
				5E67C4C625B596C500018FAC /* GlobalVariables.swift in Sources */,
				5E67C4E625B5999E00018FAC /* AccountViewController.swift in Sources */,
			);
			runOnlyForDeploymentPostprocessing = 0;
		};
		5E67C49425B589B700018FAC /* Sources */ = {
			isa = PBXSourcesBuildPhase;
			buildActionMask = 2147483647;
			files = (
				5E67C49D25B589B700018FAC /* BankingSystemTests.swift in Sources */,
			);
			runOnlyForDeploymentPostprocessing = 0;
		};
		5E67C49F25B589B700018FAC /* Sources */ = {
			isa = PBXSourcesBuildPhase;
			buildActionMask = 2147483647;
			files = (
				5E67C4A825B589B700018FAC /* BankingSystemUITests.swift in Sources */,
			);
			runOnlyForDeploymentPostprocessing = 0;
		};
/* End PBXSourcesBuildPhase section */

/* Begin PBXTargetDependency section */
		5E67C49A25B589B700018FAC /* PBXTargetDependency */ = {
			isa = PBXTargetDependency;
			target = 5E67C48125B589B400018FAC /* BankingSystem */;
			targetProxy = 5E67C49925B589B700018FAC /* PBXContainerItemProxy */;
		};
		5E67C4A525B589B700018FAC /* PBXTargetDependency */ = {
			isa = PBXTargetDependency;
			target = 5E67C48125B589B400018FAC /* BankingSystem */;
			targetProxy = 5E67C4A425B589B700018FAC /* PBXContainerItemProxy */;
		};
/* End PBXTargetDependency section */

/* Begin PBXVariantGroup section */
		5E67C48B25B589B400018FAC /* Main.storyboard */ = {
			isa = PBXVariantGroup;
			children = (
				5E67C48C25B589B400018FAC /* Base */,
			);
			name = Main.storyboard;
			sourceTree = "<group>";
		};
		5E67C49025B589B700018FAC /* LaunchScreen.storyboard */ = {
			isa = PBXVariantGroup;
			children = (
				5E67C49125B589B700018FAC /* Base */,
			);
			name = LaunchScreen.storyboard;
			sourceTree = "<group>";
		};
/* End PBXVariantGroup section */

/* Begin XCBuildConfiguration section */
		5E67C4AA25B589B700018FAC /* Debug */ = {
			isa = XCBuildConfiguration;
			buildSettings = {
				ALWAYS_SEARCH_USER_PATHS = NO;
				CLANG_ANALYZER_NONNULL = YES;
				CLANG_ANALYZER_NUMBER_OBJECT_CONVERSION = YES_AGGRESSIVE;
				CLANG_CXX_LANGUAGE_STANDARD = "gnu++14";
				CLANG_CXX_LIBRARY = "libc++";
				CLANG_ENABLE_MODULES = YES;
				CLANG_ENABLE_OBJC_ARC = YES;
				CLANG_ENABLE_OBJC_WEAK = YES;
				CLANG_WARN_BLOCK_CAPTURE_AUTORELEASING = YES;
				CLANG_WARN_BOOL_CONVERSION = YES;
				CLANG_WARN_COMMA = YES;
				CLANG_WARN_CONSTANT_CONVERSION = YES;
				CLANG_WARN_DEPRECATED_OBJC_IMPLEMENTATIONS = YES;
				CLANG_WARN_DIRECT_OBJC_ISA_USAGE = YES_ERROR;
				CLANG_WARN_DOCUMENTATION_COMMENTS = YES;
				CLANG_WARN_EMPTY_BODY = YES;
				CLANG_WARN_ENUM_CONVERSION = YES;
				CLANG_WARN_INFINITE_RECURSION = YES;
				CLANG_WARN_INT_CONVERSION = YES;
				CLANG_WARN_NON_LITERAL_NULL_CONVERSION = YES;
				CLANG_WARN_OBJC_IMPLICIT_RETAIN_SELF = YES;
				CLANG_WARN_OBJC_LITERAL_CONVERSION = YES;
				CLANG_WARN_OBJC_ROOT_CLASS = YES_ERROR;
				CLANG_WARN_QUOTED_INCLUDE_IN_FRAMEWORK_HEADER = YES;
				CLANG_WARN_RANGE_LOOP_ANALYSIS = YES;
				CLANG_WARN_STRICT_PROTOTYPES = YES;
				CLANG_WARN_SUSPICIOUS_MOVE = YES;
				CLANG_WARN_UNGUARDED_AVAILABILITY = YES_AGGRESSIVE;
				CLANG_WARN_UNREACHABLE_CODE = YES;
				CLANG_WARN__DUPLICATE_METHOD_MATCH = YES;
				COPY_PHASE_STRIP = NO;
				DEBUG_INFORMATION_FORMAT = dwarf;
				ENABLE_STRICT_OBJC_MSGSEND = YES;
				ENABLE_TESTABILITY = YES;
				GCC_C_LANGUAGE_STANDARD = gnu11;
				GCC_DYNAMIC_NO_PIC = NO;
				GCC_NO_COMMON_BLOCKS = YES;
				GCC_OPTIMIZATION_LEVEL = 0;
				GCC_PREPROCESSOR_DEFINITIONS = (
					"DEBUG=1",
					"$(inherited)",
				);
				GCC_WARN_64_TO_32_BIT_CONVERSION = YES;
				GCC_WARN_ABOUT_RETURN_TYPE = YES_ERROR;
				GCC_WARN_UNDECLARED_SELECTOR = YES;
				GCC_WARN_UNINITIALIZED_AUTOS = YES_AGGRESSIVE;
				GCC_WARN_UNUSED_FUNCTION = YES;
				GCC_WARN_UNUSED_VARIABLE = YES;
				IPHONEOS_DEPLOYMENT_TARGET = 14.3;
				MTL_ENABLE_DEBUG_INFO = INCLUDE_SOURCE;
				MTL_FAST_MATH = YES;
				ONLY_ACTIVE_ARCH = YES;
				SDKROOT = iphoneos;
				SWIFT_ACTIVE_COMPILATION_CONDITIONS = DEBUG;
				SWIFT_OPTIMIZATION_LEVEL = "-Onone";
			};
			name = Debug;
		};
		5E67C4AB25B589B700018FAC /* Release */ = {
			isa = XCBuildConfiguration;
			buildSettings = {
				ALWAYS_SEARCH_USER_PATHS = NO;
				CLANG_ANALYZER_NONNULL = YES;
				CLANG_ANALYZER_NUMBER_OBJECT_CONVERSION = YES_AGGRESSIVE;
				CLANG_CXX_LANGUAGE_STANDARD = "gnu++14";
				CLANG_CXX_LIBRARY = "libc++";
				CLANG_ENABLE_MODULES = YES;
				CLANG_ENABLE_OBJC_ARC = YES;
				CLANG_ENABLE_OBJC_WEAK = YES;
				CLANG_WARN_BLOCK_CAPTURE_AUTORELEASING = YES;
				CLANG_WARN_BOOL_CONVERSION = YES;
				CLANG_WARN_COMMA = YES;
				CLANG_WARN_CONSTANT_CONVERSION = YES;
				CLANG_WARN_DEPRECATED_OBJC_IMPLEMENTATIONS = YES;
				CLANG_WARN_DIRECT_OBJC_ISA_USAGE = YES_ERROR;
				CLANG_WARN_DOCUMENTATION_COMMENTS = YES;
				CLANG_WARN_EMPTY_BODY = YES;
				CLANG_WARN_ENUM_CONVERSION = YES;
				CLANG_WARN_INFINITE_RECURSION = YES;
				CLANG_WARN_INT_CONVERSION = YES;
				CLANG_WARN_NON_LITERAL_NULL_CONVERSION = YES;
				CLANG_WARN_OBJC_IMPLICIT_RETAIN_SELF = YES;
				CLANG_WARN_OBJC_LITERAL_CONVERSION = YES;
				CLANG_WARN_OBJC_ROOT_CLASS = YES_ERROR;
				CLANG_WARN_QUOTED_INCLUDE_IN_FRAMEWORK_HEADER = YES;
				CLANG_WARN_RANGE_LOOP_ANALYSIS = YES;
				CLANG_WARN_STRICT_PROTOTYPES = YES;
				CLANG_WARN_SUSPICIOUS_MOVE = YES;
				CLANG_WARN_UNGUARDED_AVAILABILITY = YES_AGGRESSIVE;
				CLANG_WARN_UNREACHABLE_CODE = YES;
				CLANG_WARN__DUPLICATE_METHOD_MATCH = YES;
				COPY_PHASE_STRIP = NO;
				DEBUG_INFORMATION_FORMAT = "dwarf-with-dsym";
				ENABLE_NS_ASSERTIONS = NO;
				ENABLE_STRICT_OBJC_MSGSEND = YES;
				GCC_C_LANGUAGE_STANDARD = gnu11;
				GCC_NO_COMMON_BLOCKS = YES;
				GCC_WARN_64_TO_32_BIT_CONVERSION = YES;
				GCC_WARN_ABOUT_RETURN_TYPE = YES_ERROR;
				GCC_WARN_UNDECLARED_SELECTOR = YES;
				GCC_WARN_UNINITIALIZED_AUTOS = YES_AGGRESSIVE;
				GCC_WARN_UNUSED_FUNCTION = YES;
				GCC_WARN_UNUSED_VARIABLE = YES;
				IPHONEOS_DEPLOYMENT_TARGET = 14.3;
				MTL_ENABLE_DEBUG_INFO = NO;
				MTL_FAST_MATH = YES;
				SDKROOT = iphoneos;
				SWIFT_COMPILATION_MODE = wholemodule;
				SWIFT_OPTIMIZATION_LEVEL = "-O";
				VALIDATE_PRODUCT = YES;
			};
			name = Release;
		};
		5E67C4AD25B589B700018FAC /* Debug */ = {
			isa = XCBuildConfiguration;
			baseConfigurationReference = 30811B052908D2C0012FD928 /* Pods-BankingSystem.debug.xcconfig */;
			buildSettings = {
				ASSETCATALOG_COMPILER_APPICON_NAME = AppIcon;
				ASSETCATALOG_COMPILER_GLOBAL_ACCENT_COLOR_NAME = AccentColor;
				CODE_SIGN_STYLE = Automatic;
				DEVELOPMENT_TEAM = 9V7Y97G9V9;
				INFOPLIST_FILE = BankingSystem/Info.plist;
				LD_RUNPATH_SEARCH_PATHS = (
					"$(inherited)",
					"@executable_path/Frameworks",
				);
				PRODUCT_BUNDLE_IDENTIFIER = saleh.sherif.BankingSystem;
				PRODUCT_NAME = "$(TARGET_NAME)";
				SWIFT_VERSION = 5.0;
				TARGETED_DEVICE_FAMILY = "1,2";
			};
			name = Debug;
		};
		5E67C4AE25B589B700018FAC /* Release */ = {
			isa = XCBuildConfiguration;
			baseConfigurationReference = C6669B146FC55DE8EAFB3F08 /* Pods-BankingSystem.release.xcconfig */;
			buildSettings = {
				ASSETCATALOG_COMPILER_APPICON_NAME = AppIcon;
				ASSETCATALOG_COMPILER_GLOBAL_ACCENT_COLOR_NAME = AccentColor;
				CODE_SIGN_STYLE = Automatic;
				DEVELOPMENT_TEAM = 9V7Y97G9V9;
				INFOPLIST_FILE = BankingSystem/Info.plist;
				LD_RUNPATH_SEARCH_PATHS = (
					"$(inherited)",
					"@executable_path/Frameworks",
				);
				PRODUCT_BUNDLE_IDENTIFIER = saleh.sherif.BankingSystem;
				PRODUCT_NAME = "$(TARGET_NAME)";
				SWIFT_VERSION = 5.0;
				TARGETED_DEVICE_FAMILY = "1,2";
			};
			name = Release;
		};
		5E67C4B025B589B700018FAC /* Debug */ = {
			isa = XCBuildConfiguration;
			buildSettings = {
				ALWAYS_EMBED_SWIFT_STANDARD_LIBRARIES = YES;
				BUNDLE_LOADER = "$(TEST_HOST)";
				CODE_SIGN_STYLE = Automatic;
				DEVELOPMENT_TEAM = 9V7Y97G9V9;
				INFOPLIST_FILE = BankingSystemTests/Info.plist;
				IPHONEOS_DEPLOYMENT_TARGET = 14.3;
				LD_RUNPATH_SEARCH_PATHS = (
					"$(inherited)",
					"@executable_path/Frameworks",
					"@loader_path/Frameworks",
				);
				PRODUCT_BUNDLE_IDENTIFIER = saleh.sherif.BankingSystemTests;
				PRODUCT_NAME = "$(TARGET_NAME)";
				SWIFT_VERSION = 5.0;
				TARGETED_DEVICE_FAMILY = "1,2";
				TEST_HOST = "$(BUILT_PRODUCTS_DIR)/BankingSystem.app/BankingSystem";
			};
			name = Debug;
		};
		5E67C4B125B589B700018FAC /* Release */ = {
			isa = XCBuildConfiguration;
			buildSettings = {
				ALWAYS_EMBED_SWIFT_STANDARD_LIBRARIES = YES;
				BUNDLE_LOADER = "$(TEST_HOST)";
				CODE_SIGN_STYLE = Automatic;
				DEVELOPMENT_TEAM = 9V7Y97G9V9;
				INFOPLIST_FILE = BankingSystemTests/Info.plist;
				IPHONEOS_DEPLOYMENT_TARGET = 14.3;
				LD_RUNPATH_SEARCH_PATHS = (
					"$(inherited)",
					"@executable_path/Frameworks",
					"@loader_path/Frameworks",
				);
				PRODUCT_BUNDLE_IDENTIFIER = saleh.sherif.BankingSystemTests;
				PRODUCT_NAME = "$(TARGET_NAME)";
				SWIFT_VERSION = 5.0;
				TARGETED_DEVICE_FAMILY = "1,2";
				TEST_HOST = "$(BUILT_PRODUCTS_DIR)/BankingSystem.app/BankingSystem";
			};
			name = Release;
		};
		5E67C4B325B589B700018FAC /* Debug */ = {
			isa = XCBuildConfiguration;
			buildSettings = {
				ALWAYS_EMBED_SWIFT_STANDARD_LIBRARIES = YES;
				CODE_SIGN_STYLE = Automatic;
				DEVELOPMENT_TEAM = 9V7Y97G9V9;
				INFOPLIST_FILE = BankingSystemUITests/Info.plist;
				LD_RUNPATH_SEARCH_PATHS = (
					"$(inherited)",
					"@executable_path/Frameworks",
					"@loader_path/Frameworks",
				);
				PRODUCT_BUNDLE_IDENTIFIER = saleh.sherif.BankingSystemUITests;
				PRODUCT_NAME = "$(TARGET_NAME)";
				SWIFT_VERSION = 5.0;
				TARGETED_DEVICE_FAMILY = "1,2";
				TEST_TARGET_NAME = BankingSystem;
			};
			name = Debug;
		};
		5E67C4B425B589B700018FAC /* Release */ = {
			isa = XCBuildConfiguration;
			buildSettings = {
				ALWAYS_EMBED_SWIFT_STANDARD_LIBRARIES = YES;
				CODE_SIGN_STYLE = Automatic;
				DEVELOPMENT_TEAM = 9V7Y97G9V9;
				INFOPLIST_FILE = BankingSystemUITests/Info.plist;
				LD_RUNPATH_SEARCH_PATHS = (
					"$(inherited)",
					"@executable_path/Frameworks",
					"@loader_path/Frameworks",
				);
				PRODUCT_BUNDLE_IDENTIFIER = saleh.sherif.BankingSystemUITests;
				PRODUCT_NAME = "$(TARGET_NAME)";
				SWIFT_VERSION = 5.0;
				TARGETED_DEVICE_FAMILY = "1,2";
				TEST_TARGET_NAME = BankingSystem;
			};
			name = Release;
		};
/* End XCBuildConfiguration section */

/* Begin XCConfigurationList section */
		5E67C47D25B589B400018FAC /* Build configuration list for PBXProject "BankingSystem" */ = {
			isa = XCConfigurationList;
			buildConfigurations = (
				5E67C4AA25B589B700018FAC /* Debug */,
				5E67C4AB25B589B700018FAC /* Release */,
			);
			defaultConfigurationIsVisible = 0;
			defaultConfigurationName = Release;
		};
		5E67C4AC25B589B700018FAC /* Build configuration list for PBXNativeTarget "BankingSystem" */ = {
			isa = XCConfigurationList;
			buildConfigurations = (
				5E67C4AD25B589B700018FAC /* Debug */,
				5E67C4AE25B589B700018FAC /* Release */,
			);
			defaultConfigurationIsVisible = 0;
			defaultConfigurationName = Release;
		};
		5E67C4AF25B589B700018FAC /* Build configuration list for PBXNativeTarget "BankingSystemTests" */ = {
			isa = XCConfigurationList;
			buildConfigurations = (
				5E67C4B025B589B700018FAC /* Debug */,
				5E67C4B125B589B700018FAC /* Release */,
			);
			defaultConfigurationIsVisible = 0;
			defaultConfigurationName = Release;
		};
		5E67C4B225B589B700018FAC /* Build configuration list for PBXNativeTarget "BankingSystemUITests" */ = {
			isa = XCConfigurationList;
			buildConfigurations = (
				5E67C4B325B589B700018FAC /* Debug */,
				5E67C4B425B589B700018FAC /* Release */,
			);
			defaultConfigurationIsVisible = 0;
			defaultConfigurationName = Release;
		};
/* End XCConfigurationList section */
	};
	rootObject = 5E67C47A25B589B400018FAC /* Project object */;
}
